// !$*UTF8*$!
{
	archiveVersion = 1;
	classes = {
	};
	objectVersion = 46;
	objects = {

/* Begin PBXBuildFile section */
		6705D2351711E9AA0097E0A8 /* TapButtonTableComponentController.h in Resources */ = {isa = PBXBuildFile; fileRef = 6705D2341711E9AA0097E0A8 /* TapButtonTableComponentController.h */; };
		6705D2371711EA040097E0A8 /* TapButtonTableComponentController.m in Sources */ = {isa = PBXBuildFile; fileRef = 6705D2361711EA030097E0A8 /* TapButtonTableComponentController.m */; };
		6719E40916D9530700C1D2C6 /* MathUIControlObject.m in Sources */ = {isa = PBXBuildFile; fileRef = 6719E40816D9530700C1D2C6 /* MathUIControlObject.m */; };
		6719E42616DADF2A00C1D2C6 /* BaseTableComponentController.xib in Resources */ = {isa = PBXBuildFile; fileRef = 6719E42516DADF2A00C1D2C6 /* BaseTableComponentController.xib */; };
		6730FF1717261714003B5E04 /* Crashlytics.framework in Frameworks */ = {isa = PBXBuildFile; fileRef = 6730FF1617261714003B5E04 /* Crashlytics.framework */; };
		6746B2C11719D30E0029E835 /* TakeTestComponentController.xib in Resources */ = {isa = PBXBuildFile; fileRef = 6746B2C01719D30E0029E835 /* TakeTestComponentController.xib */; };
		6746B2C3171A04A40029E835 /* TakeTestComponentController.h in Resources */ = {isa = PBXBuildFile; fileRef = 6746B2C2171A04A40029E835 /* TakeTestComponentController.h */; };
		6746B2C5171A05860029E835 /* TakeTestComponentController.m in Sources */ = {isa = PBXBuildFile; fileRef = 6746B2C4171A05860029E835 /* TakeTestComponentController.m */; };
		674CA07F171F1072002652C2 /* AboutPageController.xib in Resources */ = {isa = PBXBuildFile; fileRef = 674CA07E171F1072002652C2 /* AboutPageController.xib */; };
		674CA085171F3C76002652C2 /* MoreTabComponentController.m in Sources */ = {isa = PBXBuildFile; fileRef = 674CA084171F3C75002652C2 /* MoreTabComponentController.m */; };
		674CA088171F438C002652C2 /* AboutPageController.m in Sources */ = {isa = PBXBuildFile; fileRef = 674CA087171F438C002652C2 /* AboutPageController.m */; };
		674CA08E171F9DFB002652C2 /* CoreGraphics.framework in Frameworks */ = {isa = PBXBuildFile; fileRef = 674CA08D171F9DFB002652C2 /* CoreGraphics.framework */; };
		67790C671724AD29009616EE /* Default.png in Resources */ = {isa = PBXBuildFile; fileRef = 67790C641724AD29009616EE /* Default.png */; };
		67790C681724AD29009616EE /* Default@2x.png in Resources */ = {isa = PBXBuildFile; fileRef = 67790C651724AD29009616EE /* Default@2x.png */; };
		67790C691724AD29009616EE /* Default-568h@2x.png in Resources */ = {isa = PBXBuildFile; fileRef = 67790C661724AD29009616EE /* Default-568h@2x.png */; };
		67AC3CD9178F48A500FBE9D9 /* CustomRowUIView.m in Sources */ = {isa = PBXBuildFile; fileRef = 67AC3CD8178F48A500FBE9D9 /* CustomRowUIView.m */; };
		67C2370416C9F0D9003D0878 /* Utility.m in Sources */ = {isa = PBXBuildFile; fileRef = 67C2370316C7366B003D0878 /* Utility.m */; };
		67C2370816CAF125003D0878 /* AppDelegate.m in Sources */ = {isa = PBXBuildFile; fileRef = 67C2370716CAF125003D0878 /* AppDelegate.m */; };
		67C2370F16CB35C8003D0878 /* MathTableDataObject.m in Sources */ = {isa = PBXBuildFile; fileRef = 67C2370E16CB35C8003D0878 /* MathTableDataObject.m */; };
		67C2371216CD4B98003D0878 /* MathUtility.m in Sources */ = {isa = PBXBuildFile; fileRef = 67C2371116CD4B97003D0878 /* MathUtility.m */; };
		67C2371416CD4E09003D0878 /* PersistentApplicationData.m in Sources */ = {isa = PBXBuildFile; fileRef = 67C236FF16C73609003D0878 /* PersistentApplicationData.m */; };
		67C26A691724945C00DF6F56 /* Icon-Small.png in Resources */ = {isa = PBXBuildFile; fileRef = 67C26A5F1724945C00DF6F56 /* Icon-Small.png */; };
		67C26A6A1724945C00DF6F56 /* Icon-Small-50.png in Resources */ = {isa = PBXBuildFile; fileRef = 67C26A601724945C00DF6F56 /* Icon-Small-50.png */; };
		67C26A6B1724945C00DF6F56 /* Icon.png in Resources */ = {isa = PBXBuildFile; fileRef = 67C26A611724945C00DF6F56 /* Icon.png */; };
		67C26A6C1724945C00DF6F56 /* Icon-Small@2x.png in Resources */ = {isa = PBXBuildFile; fileRef = 67C26A621724945C00DF6F56 /* Icon-Small@2x.png */; };
		67C26A6D1724945C00DF6F56 /* Icon-72.png in Resources */ = {isa = PBXBuildFile; fileRef = 67C26A631724945C00DF6F56 /* Icon-72.png */; };
		67C26A6E1724945C00DF6F56 /* Icon-Small-50@2x.png in Resources */ = {isa = PBXBuildFile; fileRef = 67C26A641724945C00DF6F56 /* Icon-Small-50@2x.png */; };
		67C26A6F1724945C00DF6F56 /* Icon@2x.png in Resources */ = {isa = PBXBuildFile; fileRef = 67C26A651724945C00DF6F56 /* Icon@2x.png */; };
		67C26A701724945C00DF6F56 /* Icon-72@2x.png in Resources */ = {isa = PBXBuildFile; fileRef = 67C26A661724945C00DF6F56 /* Icon-72@2x.png */; };
		67C26A711724945C00DF6F56 /* iTunesArtwork.png in Resources */ = {isa = PBXBuildFile; fileRef = 67C26A671724945C00DF6F56 /* iTunesArtwork.png */; };
		67C26A721724945C00DF6F56 /* iTunesArtwork@2x.png in Resources */ = {isa = PBXBuildFile; fileRef = 67C26A681724945C00DF6F56 /* iTunesArtwork@2x.png */; };
		67F323C3171BBAFD003B137E /* clock.png in Resources */ = {isa = PBXBuildFile; fileRef = 67F323C2171BBAFD003B137E /* clock.png */; };
		67F323C6171BBCD8003B137E /* learn.png in Resources */ = {isa = PBXBuildFile; fileRef = 67F323C4171BBCD8003B137E /* learn.png */; };
		67F323C7171BBCD8003B137E /* pencil.png in Resources */ = {isa = PBXBuildFile; fileRef = 67F323C5171BBCD8003B137E /* pencil.png */; };
		817C003F13FBE5100082747C /* UIKit.framework in Frameworks */ = {isa = PBXBuildFile; fileRef = 817C003E13FBE5100082747C /* UIKit.framework */; };
		817C004113FBE5100082747C /* Foundation.framework in Frameworks */ = {isa = PBXBuildFile; fileRef = 817C004013FBE5100082747C /* Foundation.framework */; };
		817C004713FBE5100082747C /* InfoPlist.strings in Resources */ = {isa = PBXBuildFile; fileRef = 817C004513FBE5100082747C /* InfoPlist.strings */; };
		817C004913FBE5100082747C /* main.m in Sources */ = {isa = PBXBuildFile; fileRef = 817C004813FBE5100082747C /* main.m */; };
		817C006013FBE8F60082747C /* BaseTableComponentController.m in Sources */ = {isa = PBXBuildFile; fileRef = 817C005E13FBE8F60082747C /* BaseTableComponentController.m */; };
		817C007D13FC5F250082747C /* TabBarController.xib in Resources */ = {isa = PBXBuildFile; fileRef = 817C007C13FC5F250082747C /* TabBarController.xib */; };
		81F55CB113FEFF1F00299C77 /* crunch.wav in Resources */ = {isa = PBXBuildFile; fileRef = 81F55CAF13FEFF1F00299C77 /* crunch.wav */; };
		81F55CB213FEFF1F00299C77 /* win.wav in Resources */ = {isa = PBXBuildFile; fileRef = 81F55CB013FEFF1F00299C77 /* win.wav */; };
		81F55CB413FF013F00299C77 /* AudioToolbox.framework in Frameworks */ = {isa = PBXBuildFile; fileRef = 81F55CB313FF013F00299C77 /* AudioToolbox.framework */; };
/* End PBXBuildFile section */

/* Begin PBXFileReference section */
		6705D2341711E9AA0097E0A8 /* TapButtonTableComponentController.h */ = {isa = PBXFileReference; fileEncoding = 4; lastKnownFileType = sourcecode.c.h; path = TapButtonTableComponentController.h; sourceTree = "<group>"; };
		6705D2361711EA030097E0A8 /* TapButtonTableComponentController.m */ = {isa = PBXFileReference; fileEncoding = 4; lastKnownFileType = sourcecode.c.objc; path = TapButtonTableComponentController.m; sourceTree = "<group>"; };
		6719E40716D9530700C1D2C6 /* MathUIControlObject.h */ = {isa = PBXFileReference; fileEncoding = 4; lastKnownFileType = sourcecode.c.h; path = MathUIControlObject.h; sourceTree = "<group>"; };
		6719E40816D9530700C1D2C6 /* MathUIControlObject.m */ = {isa = PBXFileReference; fileEncoding = 4; lastKnownFileType = sourcecode.c.objc; path = MathUIControlObject.m; sourceTree = "<group>"; };
		6719E42516DADF2A00C1D2C6 /* BaseTableComponentController.xib */ = {isa = PBXFileReference; fileEncoding = 4; lastKnownFileType = file.xib; path = BaseTableComponentController.xib; sourceTree = "<group>"; };
		6730FF1617261714003B5E04 /* Crashlytics.framework */ = {isa = PBXFileReference; lastKnownFileType = wrapper.framework; path = Crashlytics.framework; sourceTree = "<group>"; };
		6746B2C01719D30E0029E835 /* TakeTestComponentController.xib */ = {isa = PBXFileReference; fileEncoding = 4; lastKnownFileType = file.xib; path = TakeTestComponentController.xib; sourceTree = "<group>"; };
		6746B2C2171A04A40029E835 /* TakeTestComponentController.h */ = {isa = PBXFileReference; fileEncoding = 4; lastKnownFileType = sourcecode.c.h; path = TakeTestComponentController.h; sourceTree = "<group>"; };
		6746B2C4171A05860029E835 /* TakeTestComponentController.m */ = {isa = PBXFileReference; fileEncoding = 4; lastKnownFileType = sourcecode.c.objc; path = TakeTestComponentController.m; sourceTree = "<group>"; };
		674CA07E171F1072002652C2 /* AboutPageController.xib */ = {isa = PBXFileReference; fileEncoding = 4; lastKnownFileType = file.xib; path = AboutPageController.xib; sourceTree = "<group>"; };
		674CA083171F3C75002652C2 /* MoreTabComponentController.h */ = {isa = PBXFileReference; fileEncoding = 4; lastKnownFileType = sourcecode.c.h; path = MoreTabComponentController.h; sourceTree = "<group>"; };
		674CA084171F3C75002652C2 /* MoreTabComponentController.m */ = {isa = PBXFileReference; fileEncoding = 4; lastKnownFileType = sourcecode.c.objc; path = MoreTabComponentController.m; sourceTree = "<group>"; };
		674CA086171F438C002652C2 /* AboutPageController.h */ = {isa = PBXFileReference; fileEncoding = 4; lastKnownFileType = sourcecode.c.h; path = AboutPageController.h; sourceTree = "<group>"; };
		674CA087171F438C002652C2 /* AboutPageController.m */ = {isa = PBXFileReference; fileEncoding = 4; lastKnownFileType = sourcecode.c.objc; path = AboutPageController.m; sourceTree = "<group>"; };
		674CA08D171F9DFB002652C2 /* CoreGraphics.framework */ = {isa = PBXFileReference; lastKnownFileType = wrapper.framework; name = CoreGraphics.framework; path = System/Library/Frameworks/CoreGraphics.framework; sourceTree = SDKROOT; };
		67790C641724AD29009616EE /* Default.png */ = {isa = PBXFileReference; lastKnownFileType = image.png; path = Default.png; sourceTree = "<group>"; };
		67790C651724AD29009616EE /* Default@2x.png */ = {isa = PBXFileReference; lastKnownFileType = image.png; path = "Default@2x.png"; sourceTree = "<group>"; };
		67790C661724AD29009616EE /* Default-568h@2x.png */ = {isa = PBXFileReference; lastKnownFileType = image.png; path = "Default-568h@2x.png"; sourceTree = "<group>"; };
		67AC3CD7178F48A500FBE9D9 /* CustomRowUIView.h */ = {isa = PBXFileReference; fileEncoding = 4; lastKnownFileType = sourcecode.c.h; path = CustomRowUIView.h; sourceTree = "<group>"; };
		67AC3CD8178F48A500FBE9D9 /* CustomRowUIView.m */ = {isa = PBXFileReference; fileEncoding = 4; lastKnownFileType = sourcecode.c.objc; path = CustomRowUIView.m; sourceTree = "<group>"; };
		67C236FA16C73454003D0878 /* Constants.h */ = {isa = PBXFileReference; lastKnownFileType = sourcecode.c.h; path = Constants.h; sourceTree = "<group>"; };
		67C236FE16C73609003D0878 /* PersistentApplicationData.h */ = {isa = PBXFileReference; lastKnownFileType = sourcecode.c.h; path = PersistentApplicationData.h; sourceTree = "<group>"; };
		67C236FF16C73609003D0878 /* PersistentApplicationData.m */ = {isa = PBXFileReference; lastKnownFileType = sourcecode.c.objc; path = PersistentApplicationData.m; sourceTree = "<group>"; };
		67C2370216C7366B003D0878 /* Utility.h */ = {isa = PBXFileReference; lastKnownFileType = sourcecode.c.h; path = Utility.h; sourceTree = "<group>"; };
		67C2370316C7366B003D0878 /* Utility.m */ = {isa = PBXFileReference; lastKnownFileType = sourcecode.c.objc; path = Utility.m; sourceTree = "<group>"; };
		67C2370716CAF125003D0878 /* AppDelegate.m */ = {isa = PBXFileReference; fileEncoding = 4; lastKnownFileType = sourcecode.c.objc; path = AppDelegate.m; sourceTree = "<group>"; };
		67C2370D16CB35C7003D0878 /* MathTableDataObject.h */ = {isa = PBXFileReference; fileEncoding = 4; lastKnownFileType = sourcecode.c.h; path = MathTableDataObject.h; sourceTree = "<group>"; };
		67C2370E16CB35C8003D0878 /* MathTableDataObject.m */ = {isa = PBXFileReference; fileEncoding = 4; lastKnownFileType = sourcecode.c.objc; path = MathTableDataObject.m; sourceTree = "<group>"; };
		67C2371016CD4B97003D0878 /* MathUtility.h */ = {isa = PBXFileReference; fileEncoding = 4; lastKnownFileType = sourcecode.c.h; path = MathUtility.h; sourceTree = "<group>"; };
		67C2371116CD4B97003D0878 /* MathUtility.m */ = {isa = PBXFileReference; fileEncoding = 4; lastKnownFileType = sourcecode.c.objc; path = MathUtility.m; sourceTree = "<group>"; };
		67C26A5F1724945C00DF6F56 /* Icon-Small.png */ = {isa = PBXFileReference; lastKnownFileType = image.png; path = "Icon-Small.png"; sourceTree = "<group>"; };
		67C26A601724945C00DF6F56 /* Icon-Small-50.png */ = {isa = PBXFileReference; lastKnownFileType = image.png; path = "Icon-Small-50.png"; sourceTree = "<group>"; };
		67C26A611724945C00DF6F56 /* Icon.png */ = {isa = PBXFileReference; lastKnownFileType = image.png; path = Icon.png; sourceTree = "<group>"; };
		67C26A621724945C00DF6F56 /* Icon-Small@2x.png */ = {isa = PBXFileReference; lastKnownFileType = image.png; path = "Icon-Small@2x.png"; sourceTree = "<group>"; };
		67C26A631724945C00DF6F56 /* Icon-72.png */ = {isa = PBXFileReference; lastKnownFileType = image.png; path = "Icon-72.png"; sourceTree = "<group>"; };
		67C26A641724945C00DF6F56 /* Icon-Small-50@2x.png */ = {isa = PBXFileReference; lastKnownFileType = image.png; path = "Icon-Small-50@2x.png"; sourceTree = "<group>"; };
		67C26A651724945C00DF6F56 /* Icon@2x.png */ = {isa = PBXFileReference; lastKnownFileType = image.png; path = "Icon@2x.png"; sourceTree = "<group>"; };
		67C26A661724945C00DF6F56 /* Icon-72@2x.png */ = {isa = PBXFileReference; lastKnownFileType = image.png; path = "Icon-72@2x.png"; sourceTree = "<group>"; };
		67C26A671724945C00DF6F56 /* iTunesArtwork.png */ = {isa = PBXFileReference; lastKnownFileType = image.png; path = iTunesArtwork.png; sourceTree = "<group>"; };
		67C26A681724945C00DF6F56 /* iTunesArtwork@2x.png */ = {isa = PBXFileReference; lastKnownFileType = image.png; path = "iTunesArtwork@2x.png"; sourceTree = "<group>"; };
		67F323C2171BBAFD003B137E /* clock.png */ = {isa = PBXFileReference; lastKnownFileType = image.png; path = clock.png; sourceTree = "<group>"; };
		67F323C4171BBCD8003B137E /* learn.png */ = {isa = PBXFileReference; lastKnownFileType = image.png; path = learn.png; sourceTree = "<group>"; };
		67F323C5171BBCD8003B137E /* pencil.png */ = {isa = PBXFileReference; lastKnownFileType = image.png; path = pencil.png; sourceTree = "<group>"; };
		817C003A13FBE5100082747C /* Math Tables for Kids.app */ = {isa = PBXFileReference; explicitFileType = wrapper.application; includeInIndex = 0; path = "Math Tables for Kids.app"; sourceTree = BUILT_PRODUCTS_DIR; };
		817C003E13FBE5100082747C /* UIKit.framework */ = {isa = PBXFileReference; lastKnownFileType = wrapper.framework; name = UIKit.framework; path = System/Library/Frameworks/UIKit.framework; sourceTree = SDKROOT; };
		817C004013FBE5100082747C /* Foundation.framework */ = {isa = PBXFileReference; lastKnownFileType = wrapper.framework; name = Foundation.framework; path = System/Library/Frameworks/Foundation.framework; sourceTree = SDKROOT; };
		817C004413FBE5100082747C /* Math_Tables_for_Kids-Info.plist */ = {isa = PBXFileReference; lastKnownFileType = text.plist.xml; path = "Math_Tables_for_Kids-Info.plist"; sourceTree = "<group>"; };
		817C004613FBE5100082747C /* en */ = {isa = PBXFileReference; lastKnownFileType = text.plist.strings; name = en; path = en.lproj/InfoPlist.strings; sourceTree = "<group>"; };
		817C004813FBE5100082747C /* main.m */ = {isa = PBXFileReference; lastKnownFileType = sourcecode.c.objc; path = main.m; sourceTree = "<group>"; };
		817C004A13FBE5100082747C /* Math Tables for Kids-Prefix.pch */ = {isa = PBXFileReference; lastKnownFileType = sourcecode.c.h; path = "Math Tables for Kids-Prefix.pch"; sourceTree = "<group>"; };
		817C004B13FBE5100082747C /* AppDelegate.h */ = {isa = PBXFileReference; lastKnownFileType = sourcecode.c.h; path = AppDelegate.h; sourceTree = "<group>"; };
		817C005D13FBE8F60082747C /* BaseTableComponentController.h */ = {isa = PBXFileReference; fileEncoding = 4; lastKnownFileType = sourcecode.c.h; path = BaseTableComponentController.h; sourceTree = "<group>"; };
		817C005E13FBE8F60082747C /* BaseTableComponentController.m */ = {isa = PBXFileReference; fileEncoding = 4; lastKnownFileType = sourcecode.c.objc; path = BaseTableComponentController.m; sourceTree = "<group>"; };
		817C007C13FC5F250082747C /* TabBarController.xib */ = {isa = PBXFileReference; fileEncoding = 4; lastKnownFileType = file.xib; path = TabBarController.xib; sourceTree = "<group>"; };
		81F55CAF13FEFF1F00299C77 /* crunch.wav */ = {isa = PBXFileReference; lastKnownFileType = audio.wav; path = crunch.wav; sourceTree = "<group>"; };
		81F55CB013FEFF1F00299C77 /* win.wav */ = {isa = PBXFileReference; lastKnownFileType = audio.wav; path = win.wav; sourceTree = "<group>"; };
		81F55CB313FF013F00299C77 /* AudioToolbox.framework */ = {isa = PBXFileReference; lastKnownFileType = wrapper.framework; name = AudioToolbox.framework; path = System/Library/Frameworks/AudioToolbox.framework; sourceTree = SDKROOT; };
/* End PBXFileReference section */

/* Begin PBXFrameworksBuildPhase section */
		817C003713FBE5100082747C /* Frameworks */ = {
			isa = PBXFrameworksBuildPhase;
			buildActionMask = 2147483647;
			files = (
				81F55CB413FF013F00299C77 /* AudioToolbox.framework in Frameworks */,
				817C003F13FBE5100082747C /* UIKit.framework in Frameworks */,
				817C004113FBE5100082747C /* Foundation.framework in Frameworks */,
				674CA08E171F9DFB002652C2 /* CoreGraphics.framework in Frameworks */,
				6730FF1717261714003B5E04 /* Crashlytics.framework in Frameworks */,
			);
			runOnlyForDeploymentPostprocessing = 0;
		};
/* End PBXFrameworksBuildPhase section */

/* Begin PBXGroup section */
		6719E40B16D9A29000C1D2C6 /* Current */ = {
			isa = PBXGroup;
			children = (
				6746B2BC1719D2700029E835 /* xib */,
				6746B2BF1719D2A50029E835 /* delegate controller etc */,
				6746B2BE1719D2800029E835 /* common */,
			);
			name = Current;
			sourceTree = "<group>";
		};
		6746B2BC1719D2700029E835 /* xib */ = {
			isa = PBXGroup;
			children = (
				817C007C13FC5F250082747C /* TabBarController.xib */,
				6719E42516DADF2A00C1D2C6 /* BaseTableComponentController.xib */,
				6746B2C01719D30E0029E835 /* TakeTestComponentController.xib */,
				674CA07E171F1072002652C2 /* AboutPageController.xib */,
			);
			name = xib;
			sourceTree = "<group>";
		};
		6746B2BE1719D2800029E835 /* common */ = {
			isa = PBXGroup;
			children = (
				67C236FA16C73454003D0878 /* Constants.h */,
				67C2370216C7366B003D0878 /* Utility.h */,
				67C2370316C7366B003D0878 /* Utility.m */,
				67C2371016CD4B97003D0878 /* MathUtility.h */,
				67C2371116CD4B97003D0878 /* MathUtility.m */,
				67C2370D16CB35C7003D0878 /* MathTableDataObject.h */,
				67C2370E16CB35C8003D0878 /* MathTableDataObject.m */,
				6719E40716D9530700C1D2C6 /* MathUIControlObject.h */,
				6719E40816D9530700C1D2C6 /* MathUIControlObject.m */,
				67C236FE16C73609003D0878 /* PersistentApplicationData.h */,
				67C236FF16C73609003D0878 /* PersistentApplicationData.m */,
			);
			name = common;
			sourceTree = "<group>";
		};
		6746B2BF1719D2A50029E835 /* delegate controller etc */ = {
			isa = PBXGroup;
			children = (
				817C004B13FBE5100082747C /* AppDelegate.h */,
				67C2370716CAF125003D0878 /* AppDelegate.m */,
				817C005D13FBE8F60082747C /* BaseTableComponentController.h */,
				817C005E13FBE8F60082747C /* BaseTableComponentController.m */,
				6705D2341711E9AA0097E0A8 /* TapButtonTableComponentController.h */,
				6705D2361711EA030097E0A8 /* TapButtonTableComponentController.m */,
				6746B2C2171A04A40029E835 /* TakeTestComponentController.h */,
				6746B2C4171A05860029E835 /* TakeTestComponentController.m */,
				674CA083171F3C75002652C2 /* MoreTabComponentController.h */,
				674CA084171F3C75002652C2 /* MoreTabComponentController.m */,
				674CA086171F438C002652C2 /* AboutPageController.h */,
				674CA087171F438C002652C2 /* AboutPageController.m */,
				67AC3CD7178F48A500FBE9D9 /* CustomRowUIView.h */,
				67AC3CD8178F48A500FBE9D9 /* CustomRowUIView.m */,
			);
			name = "delegate controller etc";
			sourceTree = "<group>";
		};
		817C002F13FBE5100082747C = {
			isa = PBXGroup;
			children = (
				817C004213FBE5100082747C /* FGM */,
				817C003D13FBE5100082747C /* Frameworks */,
				817C003B13FBE5100082747C /* Products */,
			);
			sourceTree = "<group>";
		};
		817C003B13FBE5100082747C /* Products */ = {
			isa = PBXGroup;
			children = (
				817C003A13FBE5100082747C /* Math Tables for Kids.app */,
			);
			name = Products;
			sourceTree = "<group>";
		};
		817C003D13FBE5100082747C /* Frameworks */ = {
			isa = PBXGroup;
			children = (
				6730FF1617261714003B5E04 /* Crashlytics.framework */,
				81F55CB313FF013F00299C77 /* AudioToolbox.framework */,
				674CA08D171F9DFB002652C2 /* CoreGraphics.framework */,
				817C003E13FBE5100082747C /* UIKit.framework */,
				817C004013FBE5100082747C /* Foundation.framework */,
			);
			name = Frameworks;
			sourceTree = "<group>";
		};
		817C004213FBE5100082747C /* FGM */ = {
			isa = PBXGroup;
			children = (
				6719E40B16D9A29000C1D2C6 /* Current */,
				81F55CAE13FEFF1F00299C77 /* Custom FGM Sounds */,
				81F55CA113FEF8F400299C77 /* Custom FGM Images */,
				817C007113FC5CF00082747C /* Tab Bar Icons */,
				817C004313FBE5100082747C /* Supporting Files */,
			);
			name = FGM;
			path = Pickers;
			sourceTree = "<group>";
		};
		817C004313FBE5100082747C /* Supporting Files */ = {
			isa = PBXGroup;
			children = (
				817C004413FBE5100082747C /* Math_Tables_for_Kids-Info.plist */,
				817C004513FBE5100082747C /* InfoPlist.strings */,
				817C004813FBE5100082747C /* main.m */,
				817C004A13FBE5100082747C /* Math Tables for Kids-Prefix.pch */,
			);
			name = "Supporting Files";
			sourceTree = "<group>";
		};
		817C007113FC5CF00082747C /* Tab Bar Icons */ = {
			isa = PBXGroup;
			children = (
				67F323C2171BBAFD003B137E /* clock.png */,
				67F323C4171BBCD8003B137E /* learn.png */,
				67F323C5171BBCD8003B137E /* pencil.png */,
			);
			path = "Tab Bar Icons";
			sourceTree = "<group>";
		};
		81F55CA113FEF8F400299C77 /* Custom FGM Images */ = {
			isa = PBXGroup;
			children = (
				67C26A5F1724945C00DF6F56 /* Icon-Small.png */,
				67790C641724AD29009616EE /* Default.png */,
				67790C651724AD29009616EE /* Default@2x.png */,
				67790C661724AD29009616EE /* Default-568h@2x.png */,
				67C26A601724945C00DF6F56 /* Icon-Small-50.png */,
				67C26A611724945C00DF6F56 /* Icon.png */,
				67C26A621724945C00DF6F56 /* Icon-Small@2x.png */,
				67C26A631724945C00DF6F56 /* Icon-72.png */,
				67C26A641724945C00DF6F56 /* Icon-Small-50@2x.png */,
				67C26A651724945C00DF6F56 /* Icon@2x.png */,
				67C26A661724945C00DF6F56 /* Icon-72@2x.png */,
				67C26A671724945C00DF6F56 /* iTunesArtwork.png */,
				67C26A681724945C00DF6F56 /* iTunesArtwork@2x.png */,
			);
			name = "Custom FGM Images";
			path = "Custom Picker Images";
			sourceTree = "<group>";
		};
		81F55CAE13FEFF1F00299C77 /* Custom FGM Sounds */ = {
			isa = PBXGroup;
			children = (
				81F55CAF13FEFF1F00299C77 /* crunch.wav */,
				81F55CB013FEFF1F00299C77 /* win.wav */,
			);
			name = "Custom FGM Sounds";
			path = "Custom Picker Sounds";
			sourceTree = "<group>";
		};
/* End PBXGroup section */

/* Begin PBXNativeTarget section */
		817C003913FBE5100082747C /* Math Tables for Kids */ = {
			isa = PBXNativeTarget;
			buildConfigurationList = 817C005013FBE5100082747C /* Build configuration list for PBXNativeTarget "Math Tables for Kids" */;
			buildPhases = (
				817C003613FBE5100082747C /* Sources */,
				817C003713FBE5100082747C /* Frameworks */,
				817C003813FBE5100082747C /* Resources */,
				6730FF15172616C4003B5E04 /* ShellScript */,
			);
			buildRules = (
			);
			dependencies = (
			);
			name = "Math Tables for Kids";
			productName = Pickers;
			productReference = 817C003A13FBE5100082747C /* Math Tables for Kids.app */;
			productType = "com.apple.product-type.application";
		};
/* End PBXNativeTarget section */

/* Begin PBXProject section */
		817C003113FBE5100082747C /* Project object */ = {
			isa = PBXProject;
			attributes = {
				LastUpgradeCheck = 0460;
				ORGANIZATIONNAME = "Dave Mark";
			};
			buildConfigurationList = 817C003413FBE5100082747C /* Build configuration list for PBXProject "Math Tables for Kids" */;
			compatibilityVersion = "Xcode 3.2";
			developmentRegion = English;
			hasScannedForEncodings = 0;
			knownRegions = (
				en,
			);
			mainGroup = 817C002F13FBE5100082747C;
			productRefGroup = 817C003B13FBE5100082747C /* Products */;
			projectDirPath = "";
			projectRoot = "";
			targets = (
				817C003913FBE5100082747C /* Math Tables for Kids */,
			);
		};
/* End PBXProject section */

/* Begin PBXResourcesBuildPhase section */
		817C003813FBE5100082747C /* Resources */ = {
			isa = PBXResourcesBuildPhase;
			buildActionMask = 2147483647;
			files = (
				817C004713FBE5100082747C /* InfoPlist.strings in Resources */,
				817C007D13FC5F250082747C /* TabBarController.xib in Resources */,
				81F55CB113FEFF1F00299C77 /* crunch.wav in Resources */,
				81F55CB213FEFF1F00299C77 /* win.wav in Resources */,
				6719E42616DADF2A00C1D2C6 /* BaseTableComponentController.xib in Resources */,
				6705D2351711E9AA0097E0A8 /* TapButtonTableComponentController.h in Resources */,
				6746B2C11719D30E0029E835 /* TakeTestComponentController.xib in Resources */,
				6746B2C3171A04A40029E835 /* TakeTestComponentController.h in Resources */,
				67F323C3171BBAFD003B137E /* clock.png in Resources */,
				67F323C6171BBCD8003B137E /* learn.png in Resources */,
				67F323C7171BBCD8003B137E /* pencil.png in Resources */,
				674CA07F171F1072002652C2 /* AboutPageController.xib in Resources */,
				67C26A691724945C00DF6F56 /* Icon-Small.png in Resources */,
				67C26A6A1724945C00DF6F56 /* Icon-Small-50.png in Resources */,
				67C26A6B1724945C00DF6F56 /* Icon.png in Resources */,
				67C26A6C1724945C00DF6F56 /* Icon-Small@2x.png in Resources */,
				67C26A6D1724945C00DF6F56 /* Icon-72.png in Resources */,
				67C26A6E1724945C00DF6F56 /* Icon-Small-50@2x.png in Resources */,
				67C26A6F1724945C00DF6F56 /* Icon@2x.png in Resources */,
				67C26A701724945C00DF6F56 /* Icon-72@2x.png in Resources */,
				67C26A711724945C00DF6F56 /* iTunesArtwork.png in Resources */,
				67C26A721724945C00DF6F56 /* iTunesArtwork@2x.png in Resources */,
				67790C671724AD29009616EE /* Default.png in Resources */,
				67790C681724AD29009616EE /* Default@2x.png in Resources */,
				67790C691724AD29009616EE /* Default-568h@2x.png in Resources */,
			);
			runOnlyForDeploymentPostprocessing = 0;
		};
/* End PBXResourcesBuildPhase section */

/* Begin PBXShellScriptBuildPhase section */
		6730FF15172616C4003B5E04 /* ShellScript */ = {
			isa = PBXShellScriptBuildPhase;
			buildActionMask = 2147483647;
			files = (
			);
			inputPaths = (
			);
			outputPaths = (
			);
			runOnlyForDeploymentPostprocessing = 0;
			shellPath = /bin/sh;
			shellScript = "./Crashlytics.framework/run f6a01dc31fc3712779512835183c573444bd340a";
		};
/* End PBXShellScriptBuildPhase section */

/* Begin PBXSourcesBuildPhase section */
		817C003613FBE5100082747C /* Sources */ = {
			isa = PBXSourcesBuildPhase;
			buildActionMask = 2147483647;
			files = (
				67C2371416CD4E09003D0878 /* PersistentApplicationData.m in Sources */,
				67C2370416C9F0D9003D0878 /* Utility.m in Sources */,
				817C004913FBE5100082747C /* main.m in Sources */,
				817C006013FBE8F60082747C /* BaseTableComponentController.m in Sources */,
				67C2370816CAF125003D0878 /* AppDelegate.m in Sources */,
				67C2370F16CB35C8003D0878 /* MathTableDataObject.m in Sources */,
				67C2371216CD4B98003D0878 /* MathUtility.m in Sources */,
				6719E40916D9530700C1D2C6 /* MathUIControlObject.m in Sources */,
				6705D2371711EA040097E0A8 /* TapButtonTableComponentController.m in Sources */,
				6746B2C5171A05860029E835 /* TakeTestComponentController.m in Sources */,
				674CA085171F3C76002652C2 /* MoreTabComponentController.m in Sources */,
				674CA088171F438C002652C2 /* AboutPageController.m in Sources */,
				67AC3CD9178F48A500FBE9D9 /* CustomRowUIView.m in Sources */,
			);
			runOnlyForDeploymentPostprocessing = 0;
		};
/* End PBXSourcesBuildPhase section */

/* Begin PBXVariantGroup section */
		817C004513FBE5100082747C /* InfoPlist.strings */ = {
			isa = PBXVariantGroup;
			children = (
				817C004613FBE5100082747C /* en */,
			);
			name = InfoPlist.strings;
			sourceTree = "<group>";
		};
/* End PBXVariantGroup section */

/* Begin XCBuildConfiguration section */
		817C004E13FBE5100082747C /* Debug */ = {
			isa = XCBuildConfiguration;
			buildSettings = {
				ALWAYS_SEARCH_USER_PATHS = NO;
				ARCHS = "$(ARCHS_STANDARD_32_BIT)";
				CLANG_ENABLE_OBJC_ARC = YES;
				CLANG_WARN_CONSTANT_CONVERSION = YES;
				CLANG_WARN_ENUM_CONVERSION = YES;
				CLANG_WARN_INT_CONVERSION = YES;
				CLANG_WARN__DUPLICATE_METHOD_MATCH = YES;
				CODE_SIGN_IDENTITY = "iPhone Developer: Vijayant Palaiya (5C2W3HQC8V)";
				"CODE_SIGN_IDENTITY[sdk=iphoneos*]" = "iPhone Developer: Vijayant Palaiya (5C2W3HQC8V)";
				COPY_PHASE_STRIP = NO;
				GCC_C_LANGUAGE_STANDARD = gnu99;
				GCC_DYNAMIC_NO_PIC = NO;
				GCC_OPTIMIZATION_LEVEL = 0;
				GCC_PREPROCESSOR_DEFINITIONS = (
					"DEBUG=1",
					"$(inherited)",
				);
				GCC_SYMBOLS_PRIVATE_EXTERN = NO;
				GCC_VERSION = com.apple.compilers.llvm.clang.1_0;
				GCC_WARN_ABOUT_MISSING_PROTOTYPES = YES;
				GCC_WARN_ABOUT_RETURN_TYPE = YES;
				GCC_WARN_UNINITIALIZED_AUTOS = YES;
				GCC_WARN_UNUSED_VARIABLE = YES;
				IPHONEOS_DEPLOYMENT_TARGET = 5.0;
				PROVISIONING_PROFILE = "";
				"PROVISIONING_PROFILE[sdk=iphoneos*]" = "";
				SDKROOT = iphoneos;
			};
			name = Debug;
		};
		817C004F13FBE5100082747C /* Release */ = {
			isa = XCBuildConfiguration;
			buildSettings = {
				ALWAYS_SEARCH_USER_PATHS = NO;
				ARCHS = "$(ARCHS_STANDARD_32_BIT)";
				CLANG_ENABLE_OBJC_ARC = YES;
				CLANG_WARN_CONSTANT_CONVERSION = YES;
				CLANG_WARN_ENUM_CONVERSION = YES;
				CLANG_WARN_INT_CONVERSION = YES;
				CLANG_WARN__DUPLICATE_METHOD_MATCH = YES;
				CODE_SIGN_IDENTITY = "iPhone Distribution: Vijayant Palaiya";
				"CODE_SIGN_IDENTITY[sdk=iphoneos*]" = "iPhone Distribution: Vijayant Palaiya";
				COPY_PHASE_STRIP = YES;
				GCC_C_LANGUAGE_STANDARD = gnu99;
				GCC_VERSION = com.apple.compilers.llvm.clang.1_0;
				GCC_WARN_ABOUT_MISSING_PROTOTYPES = YES;
				GCC_WARN_ABOUT_RETURN_TYPE = YES;
				GCC_WARN_UNINITIALIZED_AUTOS = YES;
				GCC_WARN_UNUSED_VARIABLE = YES;
				IPHONEOS_DEPLOYMENT_TARGET = 5.0;
				OTHER_CFLAGS = "-DNS_BLOCK_ASSERTIONS=1";
				PROVISIONING_PROFILE = "";
				"PROVISIONING_PROFILE[sdk=iphoneos*]" = "";
				SDKROOT = iphoneos;
				VALIDATE_PRODUCT = YES;
			};
			name = Release;
		};
		817C005113FBE5100082747C /* Debug */ = {
			isa = XCBuildConfiguration;
			buildSettings = {
				FRAMEWORK_SEARCH_PATHS = (
					"$(inherited)",
					"\"$(SRCROOT)\"",
				);
				GCC_PRECOMPILE_PREFIX_HEADER = YES;
				GCC_PREFIX_HEADER = "Pickers/Math Tables for Kids-Prefix.pch";
				INFOPLIST_FILE = "Pickers/Math_Tables_for_Kids-Info.plist";
				PRODUCT_NAME = "Math Tables for Kids";
				TARGETED_DEVICE_FAMILY = 1;
				WRAPPER_EXTENSION = app;
			};
			name = Debug;
		};
		817C005213FBE5100082747C /* Release */ = {
			isa = XCBuildConfiguration;
			buildSettings = {
				FRAMEWORK_SEARCH_PATHS = (
					"$(inherited)",
					"\"$(SRCROOT)\"",
				);
				GCC_PRECOMPILE_PREFIX_HEADER = YES;
				GCC_PREFIX_HEADER = "Pickers/Math Tables for Kids-Prefix.pch";
				INFOPLIST_FILE = "Pickers/Math_Tables_for_Kids-Info.plist";
				PRODUCT_NAME = "Math Tables for Kids";
				TARGETED_DEVICE_FAMILY = 1;
				WRAPPER_EXTENSION = app;
			};
			name = Release;
		};
/* End XCBuildConfiguration section */

/* Begin XCConfigurationList section */
		817C003413FBE5100082747C /* Build configuration list for PBXProject "Math Tables for Kids" */ = {
			isa = XCConfigurationList;
			buildConfigurations = (
				817C004E13FBE5100082747C /* Debug */,
				817C004F13FBE5100082747C /* Release */,
			);
			defaultConfigurationIsVisible = 0;
			defaultConfigurationName = Release;
		};
		817C005013FBE5100082747C /* Build configuration list for PBXNativeTarget "Math Tables for Kids" */ = {
			isa = XCConfigurationList;
			buildConfigurations = (
				817C005113FBE5100082747C /* Debug */,
				817C005213FBE5100082747C /* Release */,
			);
			defaultConfigurationIsVisible = 0;
			defaultConfigurationName = Release;
		};
/* End XCConfigurationList section */
	};
	rootObject = 817C003113FBE5100082747C /* Project object */;
}
